{
  "version": 4,
  "terraform_version": "1.2.5",
  "serial": 80,
  "lineage": "c1b91924-50f1-4181-90d0-d1c39e2e2606",
  "outputs": {},
  "resources": [
    {
      "mode": "managed",
      "type": "azurerm_container_group",
      "name": "aci-helloworld",
      "provider": "provider[\"registry.terraform.io/hashicorp/azurerm\"]",
      "instances": [
        {
          "schema_version": 0,
          "attributes": {
            "container": [
              {
                "commands": [],
                "cpu": 1,
                "environment_variables": {},
                "gpu": [],
                "image": "index.docker.io/chrisgennari/dry-run-cloud:nodeubuntu",
                "liveness_probe": [],
                "memory": 1.5,
                "name": "hw",
                "ports": [
                  {
                    "port": 80,
                    "protocol": "TCP"
                  }
                ],
                "readiness_probe": [],
                "secure_environment_variables": {},
                "volume": []
              }
            ],
            "diagnostics": [],
            "dns_config": [],
            "dns_name_label": "",
            "exposed_port": [
              {
                "port": 80,
                "protocol": "TCP"
              }
            ],
            "fqdn": "",
            "id": "/subscriptions/34c36943-27ec-47b8-b66c-f2cfe78dd467/resourceGroups/myResourceGroup/providers/Microsoft.ContainerInstance/containerGroups/aci-hw",
            "identity": [],
            "image_registry_credential": [
              {
                "password": "Solution5inc",
                "server": "index.docker.io",
                "username": "chrisgennari"
              }
            ],
            "ip_address": "10.0.2.4",
            "ip_address_type": "Private",
            "location": "westus",
            "name": "aci-hw",
            "network_profile_id": "/subscriptions/34c36943-27ec-47b8-b66c-f2cfe78dd467/resourceGroups/myResourceGroup/providers/Microsoft.Network/networkProfiles/backend",
            "os_type": "Linux",
            "resource_group_name": "myResourceGroup",
            "restart_policy": "Always",
            "tags": {},
            "timeouts": null
          },
          "sensitive_attributes": [],
          "private": "eyJlMmJmYjczMC1lY2FhLTExZTYtOGY4OC0zNDM2M2JjN2M0YzAiOnsiY3JlYXRlIjoxODAwMDAwMDAwMDAwLCJkZWxldGUiOjE4MDAwMDAwMDAwMDAsInJlYWQiOjMwMDAwMDAwMDAwMCwidXBkYXRlIjoxODAwMDAwMDAwMDAwfX0=",
          "dependencies": [
            "azurerm_network_profile.backend",
            "azurerm_resource_group.rg",
            "azurerm_subnet.backend",
            "azurerm_virtual_network.myterraformnetwork"
          ]
        }
      ]
    },
    {
      "mode": "managed",
      "type": "azurerm_container_group",
      "name": "ssl-frontend",
      "provider": "provider[\"registry.terraform.io/hashicorp/azurerm\"]",
      "instances": [
        {
          "schema_version": 0,
          "attributes": {
            "container": [
              {
                "commands": [],
                "cpu": 1,
                "environment_variables": {},
                "gpu": [],
                "image": "index.docker.io/ubuntu/nginx",
                "liveness_probe": [],
                "memory": 1.5,
                "name": "nginx-with-ssl",
                "ports": [
                  {
                    "port": 443,
                    "protocol": "TCP"
                  }
                ],
                "readiness_probe": [],
                "secure_environment_variables": {},
                "volume": [
                  {
                    "empty_dir": false,
                    "git_repo": [],
                    "mount_path": "/etc/nginx",
                    "name": "nginx-config",
                    "read_only": false,
                    "secret": {
                      "nginx.conf": "        IyBuZ2lueCBDb25maWd1cmF0aW9uIEZpbGUKIyBodHRwczovL3dpa2kubmdpbngub3JnL0NvbmZp\n        Z3VyYXRpb24KCiMgUnVuIGFzIGEgbGVzcyBwcml2aWxlZ2VkIHVzZXIgZm9yIHNlY3VyaXR5IHJl\n        YXNvbnMuCnVzZXIgbmdpbng7Cgp3b3JrZXJfcHJvY2Vzc2VzIGF1dG87CgpldmVudHMgewogIHdv\n        cmtlcl9jb25uZWN0aW9ucyAxMDI0Owp9CgpwaWQgICAgICAgIC92YXIvcnVuL25naW54LnBpZDsK\n        Cmh0dHAgewoKICAgICNSZWRpcmVjdCB0byBodHRwcywgdXNpbmcgMzA3IGluc3RlYWQgb2YgMzAx\n        IHRvIHByZXNlcnZlIHBvc3QgZGF0YQoKICAgIHNlcnZlciB7CiAgICAgICAgbGlzdGVuIFs6Ol06\n        NDQzIHNzbDsKICAgICAgICBsaXN0ZW4gNDQzIHNzbDsKCiAgICAgICAgc2VydmVyX25hbWUgbG9j\n        YWxob3N0OwoKICAgICAgICAjIFByb3RlY3QgYWdhaW5zdCB0aGUgQkVBU1QgYXR0YWNrIGJ5IG5v\n        dCB1c2luZyBTU0x2MyBhdCBhbGwuIElmIHlvdSBuZWVkIHRvIHN1cHBvcnQgb2xkZXIgYnJvd3Nl\n        cnMgKElFNikgeW91IG1heSBuZWVkIHRvIGFkZAogICAgICAgICMgU1NMdjMgdG8gdGhlIGxpc3Qg\n        b2YgcHJvdG9jb2xzIGJlbG93LgogICAgICAgIHNzbF9wcm90b2NvbHMgICAgICAgICAgICAgIFRM\n        U3YxLjI7CgogICAgICAgICMgQ2lwaGVycyBzZXQgdG8gYmVzdCBhbGxvdyBwcm90ZWN0aW9uIGZy\n        b20gQmVhc3QsIHdoaWxlIHByb3ZpZGluZyBmb3J3YXJkaW5nIHNlY3JlY3ksIGFzIGRlZmluZWQg\n        YnkgTW96aWxsYSAtIGh0dHBzOi8vd2lraS5tb3ppbGxhLm9yZy9TZWN1cml0eS9TZXJ2ZXJfU2lk\n        ZV9UTFMjTmdpbngKICAgICAgICBzc2xfY2lwaGVycyAgICAgICAgICAgICAgICBFQ0RIRS1SU0Et\n        QUVTMTI4LUdDTS1TSEEyNTY6RUNESEUtRUNEU0EtQUVTMTI4LUdDTS1TSEEyNTY6RUNESEUtUlNB\n        LUFFUzI1Ni1HQ00tU0hBMzg0OkVDREhFLUVDRFNBLUFFUzI1Ni1HQ00tU0hBMzg0OkRIRS1SU0Et\n        QUVTMTI4LUdDTS1TSEEyNTY6REhFLURTUy1BRVMxMjgtR0NNLVNIQTI1NjprRURIK0FFU0dDTTpF\n        Q0RIRS1SU0EtQUVTMTI4LVNIQTI1NjpFQ0RIRS1FQ0RTQS1BRVMxMjgtU0hBMjU2OkVDREhFLVJT\n        QS1BRVMxMjgtU0hBOkVDREhFLUVDRFNBLUFFUzEyOC1TSEE6RUNESEUtUlNBLUFFUzI1Ni1TSEEz\n        ODQ6RUNESEUtRUNEU0EtQUVTMjU2LVNIQTM4NDpFQ0RIRS1SU0EtQUVTMjU2LVNIQTpFQ0RIRS1F\n        Q0RTQS1BRVMyNTYtU0hBOkRIRS1SU0EtQUVTMTI4LVNIQTI1NjpESEUtUlNBLUFFUzEyOC1TSEE6\n        REhFLURTUy1BRVMxMjgtU0hBMjU2OkRIRS1SU0EtQUVTMjU2LVNIQTI1NjpESEUtRFNTLUFFUzI1\n        Ni1TSEE6REhFLVJTQS1BRVMyNTYtU0hBOkFFUzEyOC1HQ00tU0hBMjU2OkFFUzI1Ni1HQ00tU0hB\n        Mzg0OkVDREhFLVJTQS1SQzQtU0hBOkVDREhFLUVDRFNBLVJDNC1TSEE6QUVTMTI4OkFFUzI1NjpS\n        QzQtU0hBOkhJR0g6IWFOVUxMOiFlTlVMTDohRVhQT1JUOiFERVM6ITNERVM6IU1ENTohUFNLOwog\n        ICAgICAgIHNzbF9wcmVmZXJfc2VydmVyX2NpcGhlcnMgIG9uOwoKICAgICAgICAjIE9wdGltaXpl\n        IFRMUy9TU0wgYnkgY2FjaGluZyBzZXNzaW9uIHBhcmFtZXRlcnMgZm9yIDEwIG1pbnV0ZXMuIFRo\n        aXMgY3V0cyBkb3duIG9uIHRoZSBudW1iZXIgb2YgZXhwZW5zaXZlIFRMUy9TU0wgaGFuZHNoYWtl\n        cy4KICAgICAgICAjIFRoZSBoYW5kc2hha2UgaXMgdGhlIG1vc3QgQ1BVLWludGVuc2l2ZSBvcGVy\n        YXRpb24sIGFuZCBieSBkZWZhdWx0IGl0IGlzIHJlLW5lZ290aWF0ZWQgb24gZXZlcnkgbmV3L3Bh\n        cmFsbGVsIGNvbm5lY3Rpb24uCiAgICAgICAgIyBCeSBlbmFibGluZyBhIGNhY2hlIChvZiB0eXBl\n        ICJzaGFyZWQgYmV0d2VlbiBhbGwgTmdpbnggd29ya2VycyIpLCB3ZSB0ZWxsIHRoZSBjbGllbnQg\n        dG8gcmUtdXNlIHRoZSBhbHJlYWR5IG5lZ290aWF0ZWQgc3RhdGUuCiAgICAgICAgIyBGdXJ0aGVy\n        IG9wdGltaXphdGlvbiBjYW4gYmUgYWNoaWV2ZWQgYnkgcmFpc2luZyBrZWVwYWxpdmVfdGltZW91\n        dCwgYnV0IHRoYXQgc2hvdWxkbid0IGJlIGRvbmUgdW5sZXNzIHlvdSBzZXJ2ZSBwcmltYXJpbHkg\n        SFRUUFMuCiAgICAgICAgc3NsX3Nlc3Npb25fY2FjaGUgICAgc2hhcmVkOlNTTDoxMG07ICMgYSAx\n        bWIgY2FjaGUgY2FuIGhvbGQgYWJvdXQgNDAwMCBzZXNzaW9ucywgc28gd2UgY2FuIGhvbGQgNDAw\n        MDAgc2Vzc2lvbnMKICAgICAgICBzc2xfc2Vzc2lvbl90aW1lb3V0ICAyNGg7CgoKICAgICAgICAj\n        IFVzZSBhIGhpZ2hlciBrZWVwYWxpdmUgdGltZW91dCB0byByZWR1Y2UgdGhlIG5lZWQgZm9yIHJl\n        cGVhdGVkIGhhbmRzaGFrZXMKICAgICAgICBrZWVwYWxpdmVfdGltZW91dCAzMDA7ICMgdXAgZnJv\n        bSA3NSBzZWNzIGRlZmF1bHQKCiAgICAgICAgIyByZW1lbWJlciB0aGUgY2VydGlmaWNhdGUgZm9y\n        IGEgeWVhciBhbmQgYXV0b21hdGljYWxseSBjb25uZWN0IHRvIEhUVFBTCiAgICAgICAgYWRkX2hl\n        YWRlciBTdHJpY3QtVHJhbnNwb3J0LVNlY3VyaXR5ICdtYXgtYWdlPTMxNTM2MDAwOyBpbmNsdWRl\n        U3ViRG9tYWlucyc7CgogICAgICAgIHNzbF9jZXJ0aWZpY2F0ZSAgICAgIC9ldGMvbmdpbngvc3Ns\n        LmNydDsKICAgICAgICBzc2xfY2VydGlmaWNhdGVfa2V5ICAvZXRjL25naW54L3NzbC5rZXk7Cgog\n        ICAgICAgIGxvY2F0aW9uIC8gewogICAgICAgICAgICBwcm94eV9wYXNzIGh0dHA6Ly8xMC4wLjIu\n        NDo4MDsgIyBUT0RPOiByZXBsYWNlIHBvcnQgaWYgYXBwIGxpc3RlbnMgb24gcG9ydCBvdGhlciB0\n        aGFuIDgwCgogICAgICAgICAgICBwcm94eV9zZXRfaGVhZGVyIENvbm5lY3Rpb24gIiI7CiAgICAg\n        ICAgICAgIHByb3h5X3NldF9oZWFkZXIgSG9zdCAkaG9zdDsKICAgICAgICAgICAgcHJveHlfc2V0\n        X2hlYWRlciBYLVJlYWwtSVAgJHJlbW90ZV9hZGRyOwogICAgICAgICAgICBwcm94eV9zZXRfaGVh\n        ZGVyIFgtRm9yd2FyZGVkLUZvciAkcmVtb3RlX2FkZHI7CiAgICAgICAgfQogICAgfQp9Cg==\n",
                      "ssl.crt": "\tLS0tLS1CRUdJTiBDRVJUSUZJQ0FURS0tLS0tCk1JSURFVENDQWZrQ0ZITFZQdTcvMmVTVFBNTmds\n        Y1hMT2E2YUtiem9NQTBHQ1NxR1NJYjNEUUVCQ3dVQU1FVXgKQ3pBSkJnTlZCQVlUQWtGVk1STXdF\n        UVlEVlFRSURBcFRiMjFsTFZOMFlYUmxNU0V3SHdZRFZRUUtEQmhKYm5SbApjbTVsZENCWGFXUm5h\n        WFJ6SUZCMGVTQk1kR1F3SGhjTk1qSXdPREEyTVRrME1ESTNXaGNOTWpNd09EQTJNVGswCk1ESTNX\n        akJGTVFzd0NRWURWUVFHRXdKQlZURVRNQkVHQTFVRUNBd0tVMjl0WlMxVGRHRjBaVEVoTUI4R0Ex\n        VUUKQ2d3WVNXNTBaWEp1WlhRZ1YybGtaMmwwY3lCUWRIa2dUSFJrTUlJQklqQU5CZ2txaGtpRzl3\n        MEJBUUVGQUFPQwpBUThBTUlJQkNnS0NBUUVBdnJNRHRqWmJLSE5UdUM1QmpPRjB1T1d1MFJUM3hj\n        UjlhQk1Na0R4alJ2MlpRY3FSClM3Y1Q1b1gyNUVrbUhWcVlhMEJFOEF6b0IwTmZnZldoWG1JdzJr\n        S3VyZjB2TkpLM2oxeWlZSnFpclFsNFlac3oKallsQTEzR3ViQnFMMlhidWNPMUNtOC8wVXUzV2ta\n        b0ZaQ0s0bkQ0bGxGOEpGcTlnakRJTndoU0w5aVZuQ200Rwp4MXpObDE0SzZzaXVIQ1dqVjRjL2tH\n        ZXdvWHAvN0I0bVdSd2pWd2tHTU1Ea0VWU0ZnWGxlV1UrTTdsaGRtN0ZKCnYvUnBSaGlOeVJRRDZo\n        UzNFajVDUmlFWU9KYzBrbjQ4d2M4Q1dMT2NpelJiU0pXQm5MYVVJNEd1V01pRzNEbk0KYXp4SkR1\n        c1VlWkk4aTJhOW9iQ09lOThBVEd4M1NDYjc4c1ZWRXdJREFRQUJNQTBHQ1NxR1NJYjNEUUVCQ3dV\n        QQpBNElCQVFBRm5qVDVsdnRVZ0I2V2N2QmpXSTFMZ0kvTHJYMk9wNklEQzh3V0orQXl5RXI5UWlI\n        cEQxTFN2Qm54ClJPWTViTkNYSXVJSHNJNUFWc2ZkVkJiRXBZZ25hZGsvUzNNK2huelNJYWFjSkxy\n        cDBsS0JOTmJlSTdna0RPcmwKYVZJeldWL0tIRldVMHBPcUJMNGUrbUswOUxZWVBHQm5NK3ovcUpT\n        MXV0NHdtV3ZlVUZxM3ZpMkpFY1ZkNkZKNwpjZFR2VDBXUTZ2ekNVWkhyMUtDbW5JM1R2dDJLVWo3\n        NGhGMlgrbFNlU2dWSEJSRmxtNm52WFR5TGlqalRZVkIzCmpwd0gvNHBvUFNLS0ZEczM3RUNJam1p\n        TmhHNU5YUm1mN3NTSUp1TDJycytuUHZEbC9za1VOZ0tVNVJNZ0c2WDUKd2d4K0hmKzdUaEZ2VUtP\n        Mnh1Ukpvb2Q0aGFLcQotLS0tLUVORCBDRVJUSUZJQ0FURS0tLS0tCg==\n",
                      "ssl.key": "\tLS0tLS1CRUdJTiBQUklWQVRFIEtFWS0tLS0tCk1JSUV2UUlCQURBTkJna3Foa2lHOXcwQkFRRUZB\n        QVNDQktjd2dnU2pBZ0VBQW9JQkFRQytzd08yTmxzb2MxTzQKTGtHTTRYUzQ1YTdSRlBmRnhIMW9F\n        d3lRUEdORy9abEJ5cEZMdHhQbWhmYmtTU1lkV3BoclFFVHdET2dIUTErQgo5YUZlWWpEYVFxNnQv\n        Uzgwa3JlUFhLSmdtcUt0Q1hoaG16T05pVURYY2E1c0dvdlpkdTV3N1VLYnovUlM3ZGFSCm1nVmtJ\n        cmljUGlXVVh3a1dyMkNNTWczQ0ZJdjJKV2NLYmdiSFhNMlhYZ3JxeUs0Y0phTlhoeitRWjdDaGVu\n        L3MKSGlaWkhDTlhDUVl3d09RUlZJV0JlVjVaVDR6dVdGMmJzVW0vOUdsR0dJM0pGQVBxRkxjU1Br\n        SkdJUmc0bHpTUwpmanpCendKWXM1eUxORnRJbFlHY3RwUWpnYTVZeUliY09jeHJQRWtPNnhSNWtq\n        eUxacjJoc0k1NzN3Qk1iSGRJCkp2dnl4VlVUQWdNQkFBRUNnZ0VBTlo4b29BZlF3aU1MbTNLR1JC\n        THhPeng2VjVoSnczWm92T2IrVldCbG1nU2QKSDM3U05EUWFpR3VLN000VXhaUS8zNGlHMmVrSEpX\n        T3dhMTZpTFdQMjBLaUhiYTBQcFB6TVdLZDNrU3BxSzdYSgovOGdnU3VBWk4zdGp6RW42b1A5c05K\n        ekNhZ1dqY2Q0bXczSkhxY3lKbElWMUU2OVZZdWVWZ2xaZ3YvMy9EUXNqCkdDOU80K1BCQnAwK2pi\n        R2Iwd015MXRCeGdZa2FGeWJubnJZdXpOZTFid2hqLzFCb0lFZWZKSUhvWDJnSi9xTDEKVGs1Mkp6\n        R295ak1jOTUvRHk1RlVRbk92ZDdCc0lqMzhCK3dlTDFUVk1RZXZnTTBNc1k3ZC9iUWtyNlBsQ1Av\n        OApyWTM3UytjUnBNLzNtWTRrL2toN3JyU3hvQTY4UEVRbmw3aHNtWTg2b1FLQmdRRGRhY2dFZWd6\n        aVZSdkxDNHJDCmRWbFY2cnVPbEQ0SllqTEpBRFNPenRWcGJueVFBTVZwblhsSktBNE9MNG1ZZ3Jq\n        aUVLRnZOSlpOODNCay9XTkwKekw4Vm5sQ0QzdnFYdWp2OGNrZGl1N1BaSVU4Zyt6MHZCVDlwODdH\n        Mzd4QXdzYmU1dTUyRTJsMnpERTNMcEs5NwpXRG9iTlhYZUtTSHNwQW9VbFNyK2E3SnpSUUtCZ1FE\n        Y2ZQOEtpWUxBS1RqSmFxaWxFbkl6blJnSmE5RkFIRFFCClRkcG1wM2hSQTZQc3Q1NEZlU09KaCtv\n        cGFnOHNaVGd1NWR6V0UzU09aOFlmTXpQZDZPc3FYOTZhU3V4dnJOWkYKR2lmRGVKYktxNFJDaXhG\n        aFN6dW1CRHM2U0tsd0l5SklJZlowTjFFelV1TWdsRmozbURzNHNGbVVhdllIanRGYgpKTWxkSWNi\n        QWR3S0JnUUM5emZHbVRNNkFzNzc0cDdOVEVlLzhaQlpXbXFRM3ZST1dGWFA0dkR4Y2ZsZVB4dWww\n        CnFZY1FmS0xYN0U2RERBVGIzcS9WT2ZwalpuNENST2w3VUZDNmdwVzVCa3hDQjJkbStMeFRXbDlK\n        a25GWDc2ZzYKaDhBZDNzZUp5d2xSQlBoZjR3S2NvZWxURlFnWHU5eW0yeklzb3Y2ZzdSZmsyWmEr\n        b0VWVUJ4VGFGUUtCZ0grTQpiNTJRM3VwNjdqYldWS2pwZXRjUTBZN2hxRE1HSGErRGNneGdaT0c0\n        MFdObTlTc0ZZT0YybHFkT2kyaUxSVzBiCjNCeWJOSm9NdmpmZVR1cllpdklBYzYyZUdoaWdTM08r\n        SmJLV1YrVDJRNVNiRG5yU0lyZHZTelAwUk5CeUFxcm4KdXNLUUhaRXJLZWoyNkdDUzErOTdWTmJl\n        NldTRjRlWnY2V3pPMVVNUkFvR0FScWJNWktFWTZiaEFjQWdUbi9SawoyRmZ4Z2VKeVpLbmFheENV\n        TXFLTTZpNE5TSVFCR1hUK2NXV1oxclV0bjJ1Njg4SGUzenFxZzd1ZHMrMWFzM3o2ClFwaURoKzhS\n        NFNjTzFWSW9oSlM1L3hvN0VXMVQ1Q25yUytaRDUrS2VybUFxaEVicXpBRXF2RUxDMjFTTVk0bnYK\n        ekN1Rzd2bG9qcnArMldMR0xmbTUyL2M9Ci0tLS0tRU5EIFBSSVZBVEUgS0VZLS0tLS0K\n"
                    },
                    "share_name": "",
                    "storage_account_key": "",
                    "storage_account_name": ""
                  }
                ]
              }
            ],
            "diagnostics": [],
            "dns_config": [],
            "dns_name_label": "",
            "exposed_port": [
              {
                "port": 443,
                "protocol": "TCP"
              }
            ],
            "fqdn": "",
            "id": "/subscriptions/34c36943-27ec-47b8-b66c-f2cfe78dd467/resourceGroups/myResourceGroup/providers/Microsoft.ContainerInstance/containerGroups/ssl-frontend",
            "identity": [],
            "image_registry_credential": [],
            "ip_address": "10.0.1.4",
            "ip_address_type": "Private",
            "location": "westus",
            "name": "ssl-frontend",
            "network_profile_id": "/subscriptions/34c36943-27ec-47b8-b66c-f2cfe78dd467/resourceGroups/myResourceGroup/providers/Microsoft.Network/networkProfiles/container",
            "os_type": "Linux",
            "resource_group_name": "myResourceGroup",
            "restart_policy": "Always",
            "tags": {},
            "timeouts": null
          },
          "sensitive_attributes": [],
          "private": "eyJlMmJmYjczMC1lY2FhLTExZTYtOGY4OC0zNDM2M2JjN2M0YzAiOnsiY3JlYXRlIjoxODAwMDAwMDAwMDAwLCJkZWxldGUiOjE4MDAwMDAwMDAwMDAsInJlYWQiOjMwMDAwMDAwMDAwMCwidXBkYXRlIjoxODAwMDAwMDAwMDAwfX0=",
          "dependencies": [
            "azurerm_network_profile.container",
            "azurerm_resource_group.rg",
            "azurerm_subnet.gateway",
            "azurerm_virtual_network.myterraformnetwork"
          ]
        }
      ]
    },
    {
      "mode": "managed",
      "type": "azurerm_firewall",
      "name": "myFirewall",
      "provider": "provider[\"registry.terraform.io/hashicorp/azurerm\"]",
      "instances": [
        {
          "schema_version": 0,
          "attributes": {
            "dns_servers": [],
            "firewall_policy_id": null,
            "id": "/subscriptions/34c36943-27ec-47b8-b66c-f2cfe78dd467/resourceGroups/myResourceGroup/providers/Microsoft.Network/azureFirewalls/myFirewall",
            "ip_configuration": [
              {
                "name": "configuration",
                "private_ip_address": "10.0.3.4",
                "public_ip_address_id": "/subscriptions/34c36943-27ec-47b8-b66c-f2cfe78dd467/resourceGroups/myResourceGroup/providers/Microsoft.Network/publicIPAddresses/fw-pip",
                "subnet_id": "/subscriptions/34c36943-27ec-47b8-b66c-f2cfe78dd467/resourceGroups/myResourceGroup/providers/Microsoft.Network/virtualNetworks/myVNet/subnets/AzureFirewallSubnet"
              }
            ],
            "location": "westus",
            "management_ip_configuration": [],
            "name": "myFirewall",
            "private_ip_ranges": [],
            "resource_group_name": "myResourceGroup",
            "sku_name": "AZFW_VNet",
            "sku_tier": "Standard",
            "tags": {},
            "threat_intel_mode": "Alert",
            "timeouts": null,
            "virtual_hub": [],
            "zones": []
          },
          "sensitive_attributes": [],
          "private": "eyJlMmJmYjczMC1lY2FhLTExZTYtOGY4OC0zNDM2M2JjN2M0YzAiOnsiY3JlYXRlIjo1NDAwMDAwMDAwMDAwLCJkZWxldGUiOjU0MDAwMDAwMDAwMDAsInJlYWQiOjMwMDAwMDAwMDAwMCwidXBkYXRlIjo1NDAwMDAwMDAwMDAwfX0=",
          "dependencies": [
            "azurerm_public_ip.myFWPublicIPAddress",
            "azurerm_resource_group.rg",
            "azurerm_subnet.firewall",
            "azurerm_virtual_network.myterraformnetwork"
          ]
        }
      ]
    },
    {
      "mode": "managed",
      "type": "azurerm_firewall_nat_rule_collection",
      "name": "myFirewall",
      "provider": "provider[\"registry.terraform.io/hashicorp/azurerm\"]",
      "instances": [
        {
          "schema_version": 0,
          "attributes": {
            "action": "Dnat",
            "azure_firewall_name": "myFirewall",
            "id": "/subscriptions/34c36943-27ec-47b8-b66c-f2cfe78dd467/resourceGroups/myResourceGroup/providers/Microsoft.Network/azureFirewalls/myFirewall/natRuleCollections/myNATCollection",
            "name": "myNATCollection",
            "priority": 100,
            "resource_group_name": "myResourceGroup",
            "rule": [
              {
                "description": "",
                "destination_addresses": [
                  "20.237.197.246"
                ],
                "destination_ports": [
                  "443"
                ],
                "name": "myRule",
                "protocols": [
                  "TCP"
                ],
                "source_addresses": [
                  "*"
                ],
                "source_ip_groups": [],
                "translated_address": "10.0.1.4",
                "translated_port": "443"
              }
            ],
            "timeouts": null
          },
          "sensitive_attributes": [],
          "private": "eyJlMmJmYjczMC1lY2FhLTExZTYtOGY4OC0zNDM2M2JjN2M0YzAiOnsiY3JlYXRlIjoxODAwMDAwMDAwMDAwLCJkZWxldGUiOjE4MDAwMDAwMDAwMDAsInJlYWQiOjMwMDAwMDAwMDAwMCwidXBkYXRlIjoxODAwMDAwMDAwMDAwfX0=",
          "dependencies": [
            "azurerm_container_group.ssl-frontend",
            "azurerm_firewall.myFirewall",
            "azurerm_public_ip.myFWPublicIPAddress",
            "azurerm_resource_group.rg"
          ]
        }
      ]
    },
    {
      "mode": "managed",
      "type": "azurerm_network_profile",
      "name": "backend",
      "provider": "provider[\"registry.terraform.io/hashicorp/azurerm\"]",
      "instances": [
        {
          "schema_version": 0,
          "attributes": {
            "container_network_interface": [
              {
                "ip_configuration": [
                  {
                    "name": "containerconfig",
                    "subnet_id": "/subscriptions/34c36943-27ec-47b8-b66c-f2cfe78dd467/resourceGroups/myResourceGroup/providers/Microsoft.Network/virtualNetworks/myVNet/subnets/myACIsubnet"
                  }
                ],
                "name": "containerNIC"
              }
            ],
            "container_network_interface_ids": [
              "/subscriptions/34c36943-27ec-47b8-b66c-f2cfe78dd467/resourceGroups/myResourceGroup/providers/Microsoft.Network/networkProfiles/backend/containerNetworkInterfaces/f5e995d3-6e3e-4ade-827d-c9274b65078b_containerNIC"
            ],
            "id": "/subscriptions/34c36943-27ec-47b8-b66c-f2cfe78dd467/resourceGroups/myResourceGroup/providers/Microsoft.Network/networkProfiles/backend",
            "location": "westus",
            "name": "backend",
            "resource_group_name": "myResourceGroup",
            "tags": {},
            "timeouts": null
          },
          "sensitive_attributes": [],
          "private": "eyJlMmJmYjczMC1lY2FhLTExZTYtOGY4OC0zNDM2M2JjN2M0YzAiOnsiY3JlYXRlIjoxODAwMDAwMDAwMDAwLCJkZWxldGUiOjE4MDAwMDAwMDAwMDAsInJlYWQiOjMwMDAwMDAwMDAwMCwidXBkYXRlIjoxODAwMDAwMDAwMDAwfX0=",
          "dependencies": [
            "azurerm_resource_group.rg",
            "azurerm_subnet.backend",
            "azurerm_virtual_network.myterraformnetwork"
          ]
        }
      ]
    },
    {
      "mode": "managed",
      "type": "azurerm_network_profile",
      "name": "container",
      "provider": "provider[\"registry.terraform.io/hashicorp/azurerm\"]",
      "instances": [
        {
          "schema_version": 0,
          "attributes": {
            "container_network_interface": [
              {
                "ip_configuration": [
                  {
                    "name": "containerconfig",
                    "subnet_id": "/subscriptions/34c36943-27ec-47b8-b66c-f2cfe78dd467/resourceGroups/myResourceGroup/providers/Microsoft.Network/virtualNetworks/myVNet/subnets/mySSLsubnet"
                  }
                ],
                "name": "containerNIC"
              }
            ],
            "container_network_interface_ids": [
              "/subscriptions/34c36943-27ec-47b8-b66c-f2cfe78dd467/resourceGroups/myResourceGroup/providers/Microsoft.Network/networkProfiles/container/containerNetworkInterfaces/a0ff1f1f-5f86-4825-90cd-5b6d4cc72a51_containerNIC"
            ],
            "id": "/subscriptions/34c36943-27ec-47b8-b66c-f2cfe78dd467/resourceGroups/myResourceGroup/providers/Microsoft.Network/networkProfiles/container",
            "location": "westus",
            "name": "container",
            "resource_group_name": "myResourceGroup",
            "tags": {},
            "timeouts": null
          },
          "sensitive_attributes": [],
          "private": "eyJlMmJmYjczMC1lY2FhLTExZTYtOGY4OC0zNDM2M2JjN2M0YzAiOnsiY3JlYXRlIjoxODAwMDAwMDAwMDAwLCJkZWxldGUiOjE4MDAwMDAwMDAwMDAsInJlYWQiOjMwMDAwMDAwMDAwMCwidXBkYXRlIjoxODAwMDAwMDAwMDAwfX0=",
          "dependencies": [
            "azurerm_resource_group.rg",
            "azurerm_subnet.gateway",
            "azurerm_virtual_network.myterraformnetwork"
          ]
        }
      ]
    },
    {
      "mode": "managed",
      "type": "azurerm_network_security_group",
      "name": "nsg-backend",
      "provider": "provider[\"registry.terraform.io/hashicorp/azurerm\"]",
      "instances": [
        {
          "schema_version": 0,
          "attributes": {
            "id": "/subscriptions/34c36943-27ec-47b8-b66c-f2cfe78dd467/resourceGroups/myResourceGroup/providers/Microsoft.Network/networkSecurityGroups/myBackendNSG",
            "location": "westus",
            "name": "myBackendNSG",
            "resource_group_name": "myResourceGroup",
            "security_rule": [
              {
                "access": "Allow",
                "description": "",
                "destination_address_prefix": "*",
                "destination_address_prefixes": [],
                "destination_application_security_group_ids": [],
                "destination_port_range": "80",
                "destination_port_ranges": [],
                "direction": "Inbound",
                "name": "HTTP",
                "priority": 201,
                "protocol": "Tcp",
                "source_address_prefix": "10.0.1.0/24",
                "source_address_prefixes": [],
                "source_application_security_group_ids": [],
                "source_port_range": "*",
                "source_port_ranges": []
              },
              {
                "access": "Deny",
                "description": "",
                "destination_address_prefix": "*",
                "destination_address_prefixes": [],
                "destination_application_security_group_ids": [],
                "destination_port_range": "*",
                "destination_port_ranges": [],
                "direction": "Inbound",
                "name": "denyall",
                "priority": 300,
                "protocol": "Tcp",
                "source_address_prefix": "*",
                "source_address_prefixes": [],
                "source_application_security_group_ids": [],
                "source_port_range": "*",
                "source_port_ranges": []
              }
            ],
            "tags": {},
            "timeouts": null
          },
          "sensitive_attributes": [],
          "private": "eyJlMmJmYjczMC1lY2FhLTExZTYtOGY4OC0zNDM2M2JjN2M0YzAiOnsiY3JlYXRlIjoxODAwMDAwMDAwMDAwLCJkZWxldGUiOjE4MDAwMDAwMDAwMDAsInJlYWQiOjMwMDAwMDAwMDAwMCwidXBkYXRlIjoxODAwMDAwMDAwMDAwfX0=",
          "dependencies": [
            "azurerm_resource_group.rg"
          ]
        }
      ]
    },
    {
      "mode": "managed",
      "type": "azurerm_public_ip",
      "name": "myFWPublicIPAddress",
      "provider": "provider[\"registry.terraform.io/hashicorp/azurerm\"]",
      "instances": [
        {
          "schema_version": 0,
          "attributes": {
            "allocation_method": "Static",
            "domain_name_label": null,
            "edge_zone": "",
            "fqdn": null,
            "id": "/subscriptions/34c36943-27ec-47b8-b66c-f2cfe78dd467/resourceGroups/myResourceGroup/providers/Microsoft.Network/publicIPAddresses/fw-pip",
            "idle_timeout_in_minutes": 4,
            "ip_address": "20.237.197.246",
            "ip_tags": {},
            "ip_version": "IPv4",
            "location": "westus",
            "name": "fw-pip",
            "public_ip_prefix_id": null,
            "resource_group_name": "myResourceGroup",
            "reverse_fqdn": null,
            "sku": "Standard",
            "sku_tier": "Regional",
            "tags": {},
            "timeouts": null,
            "zones": []
          },
          "sensitive_attributes": [],
          "private": "eyJlMmJmYjczMC1lY2FhLTExZTYtOGY4OC0zNDM2M2JjN2M0YzAiOnsiY3JlYXRlIjoxODAwMDAwMDAwMDAwLCJkZWxldGUiOjE4MDAwMDAwMDAwMDAsInJlYWQiOjMwMDAwMDAwMDAwMCwidXBkYXRlIjoxODAwMDAwMDAwMDAwfX0=",
          "dependencies": [
            "azurerm_resource_group.rg"
          ]
        }
      ]
    },
    {
      "mode": "managed",
      "type": "azurerm_resource_group",
      "name": "rg",
      "provider": "provider[\"registry.terraform.io/hashicorp/azurerm\"]",
      "instances": [
        {
          "schema_version": 0,
          "attributes": {
            "id": "/subscriptions/34c36943-27ec-47b8-b66c-f2cfe78dd467/resourceGroups/myResourceGroup",
            "location": "westus",
            "name": "myResourceGroup",
            "tags": {},
            "timeouts": null
          },
          "sensitive_attributes": [],
          "private": "eyJlMmJmYjczMC1lY2FhLTExZTYtOGY4OC0zNDM2M2JjN2M0YzAiOnsiY3JlYXRlIjo1NDAwMDAwMDAwMDAwLCJkZWxldGUiOjU0MDAwMDAwMDAwMDAsInJlYWQiOjMwMDAwMDAwMDAwMCwidXBkYXRlIjo1NDAwMDAwMDAwMDAwfX0="
        }
      ]
    },
    {
      "mode": "managed",
      "type": "azurerm_route_table",
      "name": "rt-table",
      "provider": "provider[\"registry.terraform.io/hashicorp/azurerm\"]",
      "instances": [
        {
          "schema_version": 0,
          "attributes": {
            "disable_bgp_route_propagation": false,
            "id": "/subscriptions/34c36943-27ec-47b8-b66c-f2cfe78dd467/resourceGroups/myResourceGroup/providers/Microsoft.Network/routeTables/rt-table",
            "location": "westus",
            "name": "rt-table",
            "resource_group_name": "myResourceGroup",
            "route": [
              {
                "address_prefix": "0.0.0.0/0",
                "name": "route1",
                "next_hop_in_ip_address": "10.0.3.4",
                "next_hop_type": "VirtualAppliance"
              }
            ],
            "subnets": [
              "/subscriptions/34c36943-27ec-47b8-b66c-f2cfe78dd467/resourceGroups/myResourceGroup/providers/Microsoft.Network/virtualNetworks/myVNet/subnets/mySSLsubnet"
            ],
            "tags": {},
            "timeouts": null
          },
          "sensitive_attributes": [],
          "private": "eyJlMmJmYjczMC1lY2FhLTExZTYtOGY4OC0zNDM2M2JjN2M0YzAiOnsiY3JlYXRlIjoxODAwMDAwMDAwMDAwLCJkZWxldGUiOjE4MDAwMDAwMDAwMDAsInJlYWQiOjMwMDAwMDAwMDAwMCwidXBkYXRlIjoxODAwMDAwMDAwMDAwfX0=",
          "dependencies": [
            "azurerm_firewall.myFirewall",
            "azurerm_public_ip.myFWPublicIPAddress",
            "azurerm_resource_group.rg",
            "azurerm_subnet.firewall",
            "azurerm_virtual_network.myterraformnetwork"
          ]
        }
      ]
    },
    {
      "mode": "managed",
      "type": "azurerm_subnet",
      "name": "backend",
      "provider": "provider[\"registry.terraform.io/hashicorp/azurerm\"]",
      "instances": [
        {
          "schema_version": 0,
          "attributes": {
            "address_prefixes": [
              "10.0.2.0/24"
            ],
            "delegation": [
              {
                "name": "snet-delegation-back",
                "service_delegation": [
                  {
                    "actions": [
                      "Microsoft.Network/virtualNetworks/subnets/action"
                    ],
                    "name": "Microsoft.ContainerInstance/containerGroups"
                  }
                ]
              }
            ],
            "enforce_private_link_endpoint_network_policies": false,
            "enforce_private_link_service_network_policies": false,
            "id": "/subscriptions/34c36943-27ec-47b8-b66c-f2cfe78dd467/resourceGroups/myResourceGroup/providers/Microsoft.Network/virtualNetworks/myVNet/subnets/myACIsubnet",
            "name": "myACIsubnet",
            "resource_group_name": "myResourceGroup",
            "service_endpoint_policy_ids": [],
            "service_endpoints": [],
            "timeouts": null,
            "virtual_network_name": "myVNet"
          },
          "sensitive_attributes": [],
          "private": "eyJlMmJmYjczMC1lY2FhLTExZTYtOGY4OC0zNDM2M2JjN2M0YzAiOnsiY3JlYXRlIjoxODAwMDAwMDAwMDAwLCJkZWxldGUiOjE4MDAwMDAwMDAwMDAsInJlYWQiOjMwMDAwMDAwMDAwMCwidXBkYXRlIjoxODAwMDAwMDAwMDAwfX0=",
          "dependencies": [
            "azurerm_resource_group.rg",
            "azurerm_virtual_network.myterraformnetwork"
          ]
        }
      ]
    },
    {
      "mode": "managed",
      "type": "azurerm_subnet",
      "name": "firewall",
      "provider": "provider[\"registry.terraform.io/hashicorp/azurerm\"]",
      "instances": [
        {
          "schema_version": 0,
          "attributes": {
            "address_prefixes": [
              "10.0.3.0/24"
            ],
            "delegation": [],
            "enforce_private_link_endpoint_network_policies": false,
            "enforce_private_link_service_network_policies": false,
            "id": "/subscriptions/34c36943-27ec-47b8-b66c-f2cfe78dd467/resourceGroups/myResourceGroup/providers/Microsoft.Network/virtualNetworks/myVNet/subnets/AzureFirewallSubnet",
            "name": "AzureFirewallSubnet",
            "resource_group_name": "myResourceGroup",
            "service_endpoint_policy_ids": [],
            "service_endpoints": [],
            "timeouts": null,
            "virtual_network_name": "myVNet"
          },
          "sensitive_attributes": [],
          "private": "eyJlMmJmYjczMC1lY2FhLTExZTYtOGY4OC0zNDM2M2JjN2M0YzAiOnsiY3JlYXRlIjoxODAwMDAwMDAwMDAwLCJkZWxldGUiOjE4MDAwMDAwMDAwMDAsInJlYWQiOjMwMDAwMDAwMDAwMCwidXBkYXRlIjoxODAwMDAwMDAwMDAwfX0=",
          "dependencies": [
            "azurerm_resource_group.rg",
            "azurerm_virtual_network.myterraformnetwork"
          ]
        }
      ]
    },
    {
      "mode": "managed",
      "type": "azurerm_subnet",
      "name": "gateway",
      "provider": "provider[\"registry.terraform.io/hashicorp/azurerm\"]",
      "instances": [
        {
          "schema_version": 0,
          "attributes": {
            "address_prefixes": [
              "10.0.1.0/24"
            ],
            "delegation": [
              {
                "name": "snet-delegation-front",
                "service_delegation": [
                  {
                    "actions": [
                      "Microsoft.Network/virtualNetworks/subnets/action"
                    ],
                    "name": "Microsoft.ContainerInstance/containerGroups"
                  }
                ]
              }
            ],
            "enforce_private_link_endpoint_network_policies": false,
            "enforce_private_link_service_network_policies": false,
            "id": "/subscriptions/34c36943-27ec-47b8-b66c-f2cfe78dd467/resourceGroups/myResourceGroup/providers/Microsoft.Network/virtualNetworks/myVNet/subnets/mySSLsubnet",
            "name": "mySSLsubnet",
            "resource_group_name": "myResourceGroup",
            "service_endpoint_policy_ids": [],
            "service_endpoints": [],
            "timeouts": null,
            "virtual_network_name": "myVNet"
          },
          "sensitive_attributes": [],
          "private": "eyJlMmJmYjczMC1lY2FhLTExZTYtOGY4OC0zNDM2M2JjN2M0YzAiOnsiY3JlYXRlIjoxODAwMDAwMDAwMDAwLCJkZWxldGUiOjE4MDAwMDAwMDAwMDAsInJlYWQiOjMwMDAwMDAwMDAwMCwidXBkYXRlIjoxODAwMDAwMDAwMDAwfX0=",
          "dependencies": [
            "azurerm_resource_group.rg",
            "azurerm_virtual_network.myterraformnetwork"
          ]
        }
      ]
    },
    {
      "mode": "managed",
      "type": "azurerm_subnet_network_security_group_association",
      "name": "myterraformnetwork",
      "provider": "provider[\"registry.terraform.io/hashicorp/azurerm\"]",
      "instances": [
        {
          "schema_version": 0,
          "attributes": {
            "id": "/subscriptions/34c36943-27ec-47b8-b66c-f2cfe78dd467/resourceGroups/myResourceGroup/providers/Microsoft.Network/virtualNetworks/myVNet/subnets/myACIsubnet",
            "network_security_group_id": "/subscriptions/34c36943-27ec-47b8-b66c-f2cfe78dd467/resourceGroups/myResourceGroup/providers/Microsoft.Network/networkSecurityGroups/myBackendNSG",
            "subnet_id": "/subscriptions/34c36943-27ec-47b8-b66c-f2cfe78dd467/resourceGroups/myResourceGroup/providers/Microsoft.Network/virtualNetworks/myVNet/subnets/myACIsubnet",
            "timeouts": null
          },
          "sensitive_attributes": [],
          "private": "eyJlMmJmYjczMC1lY2FhLTExZTYtOGY4OC0zNDM2M2JjN2M0YzAiOnsiY3JlYXRlIjoxODAwMDAwMDAwMDAwLCJkZWxldGUiOjE4MDAwMDAwMDAwMDAsInJlYWQiOjMwMDAwMDAwMDAwMCwidXBkYXRlIjoxODAwMDAwMDAwMDAwfX0=",
          "dependencies": [
            "azurerm_network_security_group.nsg-backend",
            "azurerm_resource_group.rg",
            "azurerm_subnet.backend",
            "azurerm_virtual_network.myterraformnetwork"
          ]
        }
      ]
    },
    {
      "mode": "managed",
      "type": "azurerm_subnet_route_table_association",
      "name": "myFirewall",
      "provider": "provider[\"registry.terraform.io/hashicorp/azurerm\"]",
      "instances": [
        {
          "schema_version": 0,
          "attributes": {
            "id": "/subscriptions/34c36943-27ec-47b8-b66c-f2cfe78dd467/resourceGroups/myResourceGroup/providers/Microsoft.Network/virtualNetworks/myVNet/subnets/mySSLsubnet",
            "route_table_id": "/subscriptions/34c36943-27ec-47b8-b66c-f2cfe78dd467/resourceGroups/myResourceGroup/providers/Microsoft.Network/routeTables/rt-table",
            "subnet_id": "/subscriptions/34c36943-27ec-47b8-b66c-f2cfe78dd467/resourceGroups/myResourceGroup/providers/Microsoft.Network/virtualNetworks/myVNet/subnets/mySSLsubnet",
            "timeouts": null
          },
          "sensitive_attributes": [],
          "private": "eyJlMmJmYjczMC1lY2FhLTExZTYtOGY4OC0zNDM2M2JjN2M0YzAiOnsiY3JlYXRlIjoxODAwMDAwMDAwMDAwLCJkZWxldGUiOjE4MDAwMDAwMDAwMDAsInJlYWQiOjMwMDAwMDAwMDAwMCwidXBkYXRlIjoxODAwMDAwMDAwMDAwfX0=",
          "dependencies": [
            "azurerm_firewall.myFirewall",
            "azurerm_public_ip.myFWPublicIPAddress",
            "azurerm_resource_group.rg",
            "azurerm_route_table.rt-table",
            "azurerm_subnet.firewall",
            "azurerm_subnet.gateway",
            "azurerm_virtual_network.myterraformnetwork"
          ]
        }
      ]
    },
    {
      "mode": "managed",
      "type": "azurerm_virtual_network",
      "name": "myterraformnetwork",
      "provider": "provider[\"registry.terraform.io/hashicorp/azurerm\"]",
      "instances": [
        {
          "schema_version": 0,
          "attributes": {
            "address_space": [
              "10.0.0.0/16"
            ],
            "bgp_community": "",
            "ddos_protection_plan": [],
            "dns_servers": [],
            "edge_zone": "",
            "flow_timeout_in_minutes": 0,
            "guid": "243c6594-5adb-447f-9026-4833f4034e14",
            "id": "/subscriptions/34c36943-27ec-47b8-b66c-f2cfe78dd467/resourceGroups/myResourceGroup/providers/Microsoft.Network/virtualNetworks/myVNet",
            "location": "westus",
            "name": "myVNet",
            "resource_group_name": "myResourceGroup",
            "subnet": [
              {
                "address_prefix": "10.0.1.0/24",
                "id": "/subscriptions/34c36943-27ec-47b8-b66c-f2cfe78dd467/resourceGroups/myResourceGroup/providers/Microsoft.Network/virtualNetworks/myVNet/subnets/mySSLsubnet",
                "name": "mySSLsubnet",
                "security_group": ""
              },
              {
                "address_prefix": "10.0.2.0/24",
                "id": "/subscriptions/34c36943-27ec-47b8-b66c-f2cfe78dd467/resourceGroups/myResourceGroup/providers/Microsoft.Network/virtualNetworks/myVNet/subnets/myACIsubnet",
                "name": "myACIsubnet",
                "security_group": "/subscriptions/34c36943-27ec-47b8-b66c-f2cfe78dd467/resourceGroups/myResourceGroup/providers/Microsoft.Network/networkSecurityGroups/myBackendNSG"
              },
              {
                "address_prefix": "10.0.3.0/24",
                "id": "/subscriptions/34c36943-27ec-47b8-b66c-f2cfe78dd467/resourceGroups/myResourceGroup/providers/Microsoft.Network/virtualNetworks/myVNet/subnets/AzureFirewallSubnet",
                "name": "AzureFirewallSubnet",
                "security_group": ""
              }
            ],
            "tags": {},
            "timeouts": null
          },
          "sensitive_attributes": [],
          "private": "eyJlMmJmYjczMC1lY2FhLTExZTYtOGY4OC0zNDM2M2JjN2M0YzAiOnsiY3JlYXRlIjoxODAwMDAwMDAwMDAwLCJkZWxldGUiOjE4MDAwMDAwMDAwMDAsInJlYWQiOjMwMDAwMDAwMDAwMCwidXBkYXRlIjoxODAwMDAwMDAwMDAwfX0=",
          "dependencies": [
            "azurerm_resource_group.rg"
          ]
        }
      ]
    }
  ]
}
